{
  "name": "ai-agent-miniprogram-quickstart",
  "version": "1.0.0",
  "lockfileVersion": 3,
  "requires": true,
  "packages": {
    "": {
      "name": "ai-agent-miniprogram-quickstart",
      "version": "1.0.0",
      "dependencies": {
        "zego-express-engine-miniprogram": "^3.8.0"
      }
    },
    "node_modules/zego-express-engine-miniprogram": {
      "version": "3.8.0",
      "resolved": "https://registry.npmjs.org/zego-express-engine-miniprogram/-/zego-express-engine-miniprogram-3.8.0.tgz",
      "integrity": "sha512-Jg6wcv65E2dEZ6yVGx2L97gEm/K7hz9zkEW1vRr5mRF3/6l5dodVWS5GHxsdJVEplQdbVoTzBUzyYhZ3vMnihw=="
    }
  }
}
