{
  "name": "zego-ai-agent-action-web",
  "version": "0.1.0",
  "lockfileVersion": 3,
  "requires": true,
  "packages": {
    "": {
      "name": "zego-ai-agent-action-web",
      "version": "0.1.0",
      "dependencies": {
        "google-protobuf": "^4.0.1"
      },
      "devDependencies": {
        "protoc-gen-js": "^3.21.4-4"
      }
    },
    "node_modules/adm-zip": {
      "version": "0.5.10",
      "resolved": "https://registry.npmmirror.com/adm-zip/-/adm-zip-0.5.10.tgz",
      "integrity": "sha512-x0HvcHqVJNTPk/Bw8JbLWlWoo6Wwnsug0fnYYro1HBrjxZ3G7/AZk7Ahv8JwDe1uIcz8eBqvu86FuF1POiG7vQ==",
      "dev": true,
      "license": "MIT",
      "engines": {
        "node": ">=6.0"
      }
    },
    "node_modules/google-protobuf": {
      "version": "4.0.2",
      "resolved": "https://registry.npmmirror.com/google-protobuf/-/google-protobuf-4.0.2.tgz",
      "integrity": "sha512-yD2fqbNgvJPuQwdKJiPdbUcXveNRxgqy070gzsBsCyFJA8Qdj9oxa9xtkddb/JEhcDk0RD5SfGUWg+nhINfMxA==",
      "license": "(BSD-3-Clause AND Apache-2.0)"
    },
    "node_modules/protoc-gen-js": {
      "version": "3.21.4-4",
      "resolved": "https://registry.npmmirror.com/protoc-gen-js/-/protoc-gen-js-3.21.4-4.tgz",
      "integrity": "sha512-BQUNVNm55pCiFl386SbAjM4D/S70N1jyZPKuTsb8RVibtn+FoiOdHlw4wG8DssvMRZTdI+DIL/WZYN3QBChurg==",
      "dev": true,
      "hasInstallScript": true,
      "license": "MIT",
      "dependencies": {
        "adm-zip": "0.5.10"
      },
      "bin": {
        "protoc-gen-js": "cli.js"
      }
    }
  }
}
